// !$*UTF8*$!
{
	archiveVersion = 1;
	classes = {
	};
	objectVersion = 55;
	objects = {

/* Begin PBXBuildFile section */
		4127E72C29CDCEEB00F02344 /* SignInViewModel.swift in Sources */ = {isa = PBXBuildFile; fileRef = 4127E72B29CDCEEB00F02344 /* SignInViewModel.swift */; };
		4127E72F29CDCF3000F02344 /* SignInScreen.swift in Sources */ = {isa = PBXBuildFile; fileRef = 4127E72E29CDCF3000F02344 /* SignInScreen.swift */; };
		4127E73229CE215F00F02344 /* PostsData.swift in Sources */ = {isa = PBXBuildFile; fileRef = 4127E73129CE215F00F02344 /* PostsData.swift */; };
		4127E73429CE218C00F02344 /* User.swift in Sources */ = {isa = PBXBuildFile; fileRef = 4127E73329CE218C00F02344 /* User.swift */; };
		4127E73729CE236100F02344 /* NetworkManager.swift in Sources */ = {isa = PBXBuildFile; fileRef = 4127E73629CE236100F02344 /* NetworkManager.swift */; };
		4127E73929CE23EC00F02344 /* AuthenticationManager.swift in Sources */ = {isa = PBXBuildFile; fileRef = 4127E73829CE23EC00F02344 /* AuthenticationManager.swift */; };
		41D1B43129E0066F007FE9FC /* Main.storyboard in Resources */ = {isa = PBXBuildFile; fileRef = 41D1B43029E0066F007FE9FC /* Main.storyboard */; };
		41DE51FC29CD5CD9008E8ECB /* Food_AdvisorApp.swift in Sources */ = {isa = PBXBuildFile; fileRef = 41DE51FB29CD5CD9008E8ECB /* Food_AdvisorApp.swift */; };
		41DE51FE29CD5CD9008E8ECB /* ContentView.swift in Sources */ = {isa = PBXBuildFile; fileRef = 41DE51FD29CD5CD9008E8ECB /* ContentView.swift */; };
		41DE520029CD5CDB008E8ECB /* Assets.xcassets in Resources */ = {isa = PBXBuildFile; fileRef = 41DE51FF29CD5CDB008E8ECB /* Assets.xcassets */; };
		41DE520329CD5CDB008E8ECB /* Preview Assets.xcassets in Resources */ = {isa = PBXBuildFile; fileRef = 41DE520229CD5CDB008E8ECB /* Preview Assets.xcassets */; };
		41DE520D29CD604B008E8ECB /* HomeScreen.swift in Sources */ = {isa = PBXBuildFile; fileRef = 41DE520C29CD604B008E8ECB /* HomeScreen.swift */; };
		41DE520F29CD6067008E8ECB /* Header.swift in Sources */ = {isa = PBXBuildFile; fileRef = 41DE520E29CD6067008E8ECB /* Header.swift */; };
		41DE521129CD6188008E8ECB /* Constants.swift in Sources */ = {isa = PBXBuildFile; fileRef = 41DE521029CD6188008E8ECB /* Constants.swift */; };
		41DE521329CD6B73008E8ECB /* PostHeader.swift in Sources */ = {isa = PBXBuildFile; fileRef = 41DE521229CD6B73008E8ECB /* PostHeader.swift */; };
		41DE521529CD6D75008E8ECB /* PostView.swift in Sources */ = {isa = PBXBuildFile; fileRef = 41DE521429CD6D75008E8ECB /* PostView.swift */; };
		41DE521829CD8627008E8ECB /* HomeViewModel.swift in Sources */ = {isa = PBXBuildFile; fileRef = 41DE521729CD8627008E8ECB /* HomeViewModel.swift */; };
/* End PBXBuildFile section */

/* Begin PBXFileReference section */
		4127E72B29CDCEEB00F02344 /* SignInViewModel.swift */ = {isa = PBXFileReference; lastKnownFileType = sourcecode.swift; path = SignInViewModel.swift; sourceTree = "<group>"; };
		4127E72E29CDCF3000F02344 /* SignInScreen.swift */ = {isa = PBXFileReference; lastKnownFileType = sourcecode.swift; path = SignInScreen.swift; sourceTree = "<group>"; };
		4127E73129CE215F00F02344 /* PostsData.swift */ = {isa = PBXFileReference; lastKnownFileType = sourcecode.swift; path = PostsData.swift; sourceTree = "<group>"; };
		4127E73329CE218C00F02344 /* User.swift */ = {isa = PBXFileReference; lastKnownFileType = sourcecode.swift; path = User.swift; sourceTree = "<group>"; };
		4127E73629CE236100F02344 /* NetworkManager.swift */ = {isa = PBXFileReference; lastKnownFileType = sourcecode.swift; path = NetworkManager.swift; sourceTree = "<group>"; };
		4127E73829CE23EC00F02344 /* AuthenticationManager.swift */ = {isa = PBXFileReference; lastKnownFileType = sourcecode.swift; path = AuthenticationManager.swift; sourceTree = "<group>"; };
		41D1B43029E0066F007FE9FC /* Main.storyboard */ = {isa = PBXFileReference; lastKnownFileType = file.storyboard; path = Main.storyboard; sourceTree = "<group>"; };
		41DE51F829CD5CD9008E8ECB /* Food Advisor.app */ = {isa = PBXFileReference; explicitFileType = wrapper.application; includeInIndex = 0; path = "Food Advisor.app"; sourceTree = BUILT_PRODUCTS_DIR; };
		41DE51FB29CD5CD9008E8ECB /* Food_AdvisorApp.swift */ = {isa = PBXFileReference; lastKnownFileType = sourcecode.swift; path = Food_AdvisorApp.swift; sourceTree = "<group>"; };
		41DE51FD29CD5CD9008E8ECB /* ContentView.swift */ = {isa = PBXFileReference; lastKnownFileType = sourcecode.swift; path = ContentView.swift; sourceTree = "<group>"; };
		41DE51FF29CD5CDB008E8ECB /* Assets.xcassets */ = {isa = PBXFileReference; lastKnownFileType = folder.assetcatalog; path = Assets.xcassets; sourceTree = "<group>"; };
		41DE520229CD5CDB008E8ECB /* Preview Assets.xcassets */ = {isa = PBXFileReference; lastKnownFileType = folder.assetcatalog; path = "Preview Assets.xcassets"; sourceTree = "<group>"; };
		41DE520C29CD604B008E8ECB /* HomeScreen.swift */ = {isa = PBXFileReference; lastKnownFileType = sourcecode.swift; path = HomeScreen.swift; sourceTree = "<group>"; };
		41DE520E29CD6067008E8ECB /* Header.swift */ = {isa = PBXFileReference; lastKnownFileType = sourcecode.swift; path = Header.swift; sourceTree = "<group>"; };
		41DE521029CD6188008E8ECB /* Constants.swift */ = {isa = PBXFileReference; lastKnownFileType = sourcecode.swift; path = Constants.swift; sourceTree = "<group>"; };
		41DE521229CD6B73008E8ECB /* PostHeader.swift */ = {isa = PBXFileReference; lastKnownFileType = sourcecode.swift; path = PostHeader.swift; sourceTree = "<group>"; };
		41DE521429CD6D75008E8ECB /* PostView.swift */ = {isa = PBXFileReference; lastKnownFileType = sourcecode.swift; path = PostView.swift; sourceTree = "<group>"; };
		41DE521729CD8627008E8ECB /* HomeViewModel.swift */ = {isa = PBXFileReference; lastKnownFileType = sourcecode.swift; path = HomeViewModel.swift; sourceTree = "<group>"; };
/* End PBXFileReference section */

/* Begin PBXFrameworksBuildPhase section */
		41DE51F529CD5CD9008E8ECB /* Frameworks */ = {
			isa = PBXFrameworksBuildPhase;
			buildActionMask = 2147483647;
			files = (
			);
			runOnlyForDeploymentPostprocessing = 0;
		};
/* End PBXFrameworksBuildPhase section */

/* Begin PBXGroup section */
		4127E72A29CDCEB400F02344 /* SignIn */ = {
			isa = PBXGroup;
			children = (
				4127E72B29CDCEEB00F02344 /* SignInViewModel.swift */,
				4127E72D29CDCEFF00F02344 /* SignInScreen */,
			);
			path = SignIn;
			sourceTree = "<group>";
		};
		4127E72D29CDCEFF00F02344 /* SignInScreen */ = {
			isa = PBXGroup;
			children = (
				4127E72E29CDCF3000F02344 /* SignInScreen.swift */,
			);
			path = SignInScreen;
			sourceTree = "<group>";
		};
		4127E73029CE213A00F02344 /* Models */ = {
			isa = PBXGroup;
			children = (
				4127E73129CE215F00F02344 /* PostsData.swift */,
				4127E73329CE218C00F02344 /* User.swift */,
			);
			path = Models;
			sourceTree = "<group>";
		};
		4127E73529CE231500F02344 /* NetworkLayer */ = {
			isa = PBXGroup;
			children = (
				4127E73629CE236100F02344 /* NetworkManager.swift */,
				4127E73829CE23EC00F02344 /* AuthenticationManager.swift */,
			);
			path = NetworkLayer;
			sourceTree = "<group>";
		};
		41DE51EF29CD5CD9008E8ECB = {
			isa = PBXGroup;
			children = (
				41DE51FA29CD5CD9008E8ECB /* Food Advisor */,
				41DE51F929CD5CD9008E8ECB /* Products */,
			);
			sourceTree = "<group>";
		};
		41DE51F929CD5CD9008E8ECB /* Products */ = {
			isa = PBXGroup;
			children = (
				41DE51F829CD5CD9008E8ECB /* Food Advisor.app */,
			);
			name = Products;
			sourceTree = "<group>";
		};
		41DE51FA29CD5CD9008E8ECB /* Food Advisor */ = {
			isa = PBXGroup;
			children = (
				41DE521029CD6188008E8ECB /* Constants.swift */,
				4127E73529CE231500F02344 /* NetworkLayer */,
				4127E73029CE213A00F02344 /* Models */,
				4127E72A29CDCEB400F02344 /* SignIn */,
				41DE521629CD8608008E8ECB /* Home */,
				41DE51FB29CD5CD9008E8ECB /* Food_AdvisorApp.swift */,
				41DE51FD29CD5CD9008E8ECB /* ContentView.swift */,
				41D1B43029E0066F007FE9FC /* Main.storyboard */,
				41DE51FF29CD5CDB008E8ECB /* Assets.xcassets */,
				41DE520129CD5CDB008E8ECB /* Preview Content */,
			);
			path = "Food Advisor";
			sourceTree = "<group>";
		};
		41DE520129CD5CDB008E8ECB /* Preview Content */ = {
			isa = PBXGroup;
			children = (
				41DE520229CD5CDB008E8ECB /* Preview Assets.xcassets */,
			);
			path = "Preview Content";
			sourceTree = "<group>";
		};
		41DE520929CD5FD0008E8ECB /* HomeScreen */ = {
			isa = PBXGroup;
			children = (
				41DE520C29CD604B008E8ECB /* HomeScreen.swift */,
				41DE521229CD6B73008E8ECB /* PostHeader.swift */,
				41DE520E29CD6067008E8ECB /* Header.swift */,
				41DE521429CD6D75008E8ECB /* PostView.swift */,
			);
			path = HomeScreen;
			sourceTree = "<group>";
		};
		41DE521629CD8608008E8ECB /* Home */ = {
			isa = PBXGroup;
			children = (
				41DE521729CD8627008E8ECB /* HomeViewModel.swift */,
				41DE520929CD5FD0008E8ECB /* HomeScreen */,
			);
			path = Home;
			sourceTree = "<group>";
		};
/* End PBXGroup section */

/* Begin PBXNativeTarget section */
		41DE51F729CD5CD9008E8ECB /* Food Advisor */ = {
			isa = PBXNativeTarget;
			buildConfigurationList = 41DE520629CD5CDB008E8ECB /* Build configuration list for PBXNativeTarget "Food Advisor" */;
			buildPhases = (
				41DE51F429CD5CD9008E8ECB /* Sources */,
				41DE51F529CD5CD9008E8ECB /* Frameworks */,
				41DE51F629CD5CD9008E8ECB /* Resources */,
			);
			buildRules = (
			);
			dependencies = (
			);
			name = "Food Advisor";
			productName = "Food Advisor";
			productReference = 41DE51F829CD5CD9008E8ECB /* Food Advisor.app */;
			productType = "com.apple.product-type.application";
		};
/* End PBXNativeTarget section */

/* Begin PBXProject section */
		41DE51F029CD5CD9008E8ECB /* Project object */ = {
			isa = PBXProject;
			attributes = {
				BuildIndependentTargetsInParallel = 1;
				LastSwiftUpdateCheck = 1320;
				LastUpgradeCheck = 1320;
				TargetAttributes = {
					41DE51F729CD5CD9008E8ECB = {
						CreatedOnToolsVersion = 13.2.1;
					};
				};
			};
			buildConfigurationList = 41DE51F329CD5CD9008E8ECB /* Build configuration list for PBXProject "Food Advisor" */;
			compatibilityVersion = "Xcode 13.0";
			developmentRegion = en;
			hasScannedForEncodings = 0;
			knownRegions = (
				en,
				Base,
			);
			mainGroup = 41DE51EF29CD5CD9008E8ECB;
			productRefGroup = 41DE51F929CD5CD9008E8ECB /* Products */;
			projectDirPath = "";
			projectRoot = "";
			targets = (
				41DE51F729CD5CD9008E8ECB /* Food Advisor */,
			);
		};
/* End PBXProject section */

/* Begin PBXResourcesBuildPhase section */
		41DE51F629CD5CD9008E8ECB /* Resources */ = {
			isa = PBXResourcesBuildPhase;
			buildActionMask = 2147483647;
			files = (
				41D1B43129E0066F007FE9FC /* Main.storyboard in Resources */,
				41DE520329CD5CDB008E8ECB /* Preview Assets.xcassets in Resources */,
				41DE520029CD5CDB008E8ECB /* Assets.xcassets in Resources */,
			);
			runOnlyForDeploymentPostprocessing = 0;
		};
/* End PBXResourcesBuildPhase section */

/* Begin PBXSourcesBuildPhase section */
		41DE51F429CD5CD9008E8ECB /* Sources */ = {
			isa = PBXSourcesBuildPhase;
			buildActionMask = 2147483647;
			files = (
				41DE521529CD6D75008E8ECB /* PostView.swift in Sources */,
				4127E72F29CDCF3000F02344 /* SignInScreen.swift in Sources */,
				41DE521129CD6188008E8ECB /* Constants.swift in Sources */,
				4127E73729CE236100F02344 /* NetworkManager.swift in Sources */,
				41DE520F29CD6067008E8ECB /* Header.swift in Sources */,
				41DE521829CD8627008E8ECB /* HomeViewModel.swift in Sources */,
				41DE521329CD6B73008E8ECB /* PostHeader.swift in Sources */,
				4127E73229CE215F00F02344 /* PostsData.swift in Sources */,
				4127E72C29CDCEEB00F02344 /* SignInViewModel.swift in Sources */,
				4127E73929CE23EC00F02344 /* AuthenticationManager.swift in Sources */,
				4127E73429CE218C00F02344 /* User.swift in Sources */,
				41DE51FE29CD5CD9008E8ECB /* ContentView.swift in Sources */,
				41DE51FC29CD5CD9008E8ECB /* Food_AdvisorApp.swift in Sources */,
				41DE520D29CD604B008E8ECB /* HomeScreen.swift in Sources */,
			);
			runOnlyForDeploymentPostprocessing = 0;
		};
/* End PBXSourcesBuildPhase section */

/* Begin XCBuildConfiguration section */
		41DE520429CD5CDB008E8ECB /* Debug */ = {
			isa = XCBuildConfiguration;
			buildSettings = {
				ALWAYS_SEARCH_USER_PATHS = NO;
				CLANG_ANALYZER_NONNULL = YES;
				CLANG_ANALYZER_NUMBER_OBJECT_CONVERSION = YES_AGGRESSIVE;
				CLANG_CXX_LANGUAGE_STANDARD = "gnu++17";
				CLANG_CXX_LIBRARY = "libc++";
				CLANG_ENABLE_MODULES = YES;
				CLANG_ENABLE_OBJC_ARC = YES;
				CLANG_ENABLE_OBJC_WEAK = YES;
				CLANG_WARN_BLOCK_CAPTURE_AUTORELEASING = YES;
				CLANG_WARN_BOOL_CONVERSION = YES;
				CLANG_WARN_COMMA = YES;
				CLANG_WARN_CONSTANT_CONVERSION = YES;
				CLANG_WARN_DEPRECATED_OBJC_IMPLEMENTATIONS = YES;
				CLANG_WARN_DIRECT_OBJC_ISA_USAGE = YES_ERROR;
				CLANG_WARN_DOCUMENTATION_COMMENTS = YES;
				CLANG_WARN_EMPTY_BODY = YES;
				CLANG_WARN_ENUM_CONVERSION = YES;
				CLANG_WARN_INFINITE_RECURSION = YES;
				CLANG_WARN_INT_CONVERSION = YES;
				CLANG_WARN_NON_LITERAL_NULL_CONVERSION = YES;
				CLANG_WARN_OBJC_IMPLICIT_RETAIN_SELF = YES;
				CLANG_WARN_OBJC_LITERAL_CONVERSION = YES;
				CLANG_WARN_OBJC_ROOT_CLASS = YES_ERROR;
				CLANG_WARN_QUOTED_INCLUDE_IN_FRAMEWORK_HEADER = YES;
				CLANG_WARN_RANGE_LOOP_ANALYSIS = YES;
				CLANG_WARN_STRICT_PROTOTYPES = YES;
				CLANG_WARN_SUSPICIOUS_MOVE = YES;
				CLANG_WARN_UNGUARDED_AVAILABILITY = YES_AGGRESSIVE;
				CLANG_WARN_UNREACHABLE_CODE = YES;
				CLANG_WARN__DUPLICATE_METHOD_MATCH = YES;
				COPY_PHASE_STRIP = NO;
				DEBUG_INFORMATION_FORMAT = dwarf;
				ENABLE_STRICT_OBJC_MSGSEND = YES;
				ENABLE_TESTABILITY = YES;
				GCC_C_LANGUAGE_STANDARD = gnu11;
				GCC_DYNAMIC_NO_PIC = NO;
				GCC_NO_COMMON_BLOCKS = YES;
				GCC_OPTIMIZATION_LEVEL = 0;
				GCC_PREPROCESSOR_DEFINITIONS = (
					"DEBUG=1",
					"$(inherited)",
				);
				GCC_WARN_64_TO_32_BIT_CONVERSION = YES;
				GCC_WARN_ABOUT_RETURN_TYPE = YES_ERROR;
				GCC_WARN_UNDECLARED_SELECTOR = YES;
				GCC_WARN_UNINITIALIZED_AUTOS = YES_AGGRESSIVE;
				GCC_WARN_UNUSED_FUNCTION = YES;
				GCC_WARN_UNUSED_VARIABLE = YES;
				IPHONEOS_DEPLOYMENT_TARGET = 15.2;
				MTL_ENABLE_DEBUG_INFO = INCLUDE_SOURCE;
				MTL_FAST_MATH = YES;
				ONLY_ACTIVE_ARCH = YES;
				SDKROOT = iphoneos;
				SWIFT_ACTIVE_COMPILATION_CONDITIONS = DEBUG;
				SWIFT_OPTIMIZATION_LEVEL = "-Onone";
			};
			name = Debug;
		};
		41DE520529CD5CDB008E8ECB /* Release */ = {
			isa = XCBuildConfiguration;
			buildSettings = {
				ALWAYS_SEARCH_USER_PATHS = NO;
				CLANG_ANALYZER_NONNULL = YES;
				CLANG_ANALYZER_NUMBER_OBJECT_CONVERSION = YES_AGGRESSIVE;
				CLANG_CXX_LANGUAGE_STANDARD = "gnu++17";
				CLANG_CXX_LIBRARY = "libc++";
				CLANG_ENABLE_MODULES = YES;
				CLANG_ENABLE_OBJC_ARC = YES;
				CLANG_ENABLE_OBJC_WEAK = YES;
				CLANG_WARN_BLOCK_CAPTURE_AUTORELEASING = YES;
				CLANG_WARN_BOOL_CONVERSION = YES;
				CLANG_WARN_COMMA = YES;
				CLANG_WARN_CONSTANT_CONVERSION = YES;
				CLANG_WARN_DEPRECATED_OBJC_IMPLEMENTATIONS = YES;
				CLANG_WARN_DIRECT_OBJC_ISA_USAGE = YES_ERROR;
				CLANG_WARN_DOCUMENTATION_COMMENTS = YES;
				CLANG_WARN_EMPTY_BODY = YES;
				CLANG_WARN_ENUM_CONVERSION = YES;
				CLANG_WARN_INFINITE_RECURSION = YES;
				CLANG_WARN_INT_CONVERSION = YES;
				CLANG_WARN_NON_LITERAL_NULL_CONVERSION = YES;
				CLANG_WARN_OBJC_IMPLICIT_RETAIN_SELF = YES;
				CLANG_WARN_OBJC_LITERAL_CONVERSION = YES;
				CLANG_WARN_OBJC_ROOT_CLASS = YES_ERROR;
				CLANG_WARN_QUOTED_INCLUDE_IN_FRAMEWORK_HEADER = YES;
				CLANG_WARN_RANGE_LOOP_ANALYSIS = YES;
				CLANG_WARN_STRICT_PROTOTYPES = YES;
				CLANG_WARN_SUSPICIOUS_MOVE = YES;
				CLANG_WARN_UNGUARDED_AVAILABILITY = YES_AGGRESSIVE;
				CLANG_WARN_UNREACHABLE_CODE = YES;
				CLANG_WARN__DUPLICATE_METHOD_MATCH = YES;
				COPY_PHASE_STRIP = NO;
				DEBUG_INFORMATION_FORMAT = "dwarf-with-dsym";
				ENABLE_NS_ASSERTIONS = NO;
				ENABLE_STRICT_OBJC_MSGSEND = YES;
				GCC_C_LANGUAGE_STANDARD = gnu11;
				GCC_NO_COMMON_BLOCKS = YES;
				GCC_WARN_64_TO_32_BIT_CONVERSION = YES;
				GCC_WARN_ABOUT_RETURN_TYPE = YES_ERROR;
				GCC_WARN_UNDECLARED_SELECTOR = YES;
				GCC_WARN_UNINITIALIZED_AUTOS = YES_AGGRESSIVE;
				GCC_WARN_UNUSED_FUNCTION = YES;
				GCC_WARN_UNUSED_VARIABLE = YES;
				IPHONEOS_DEPLOYMENT_TARGET = 15.2;
				MTL_ENABLE_DEBUG_INFO = NO;
				MTL_FAST_MATH = YES;
				SDKROOT = iphoneos;
				SWIFT_COMPILATION_MODE = wholemodule;
				SWIFT_OPTIMIZATION_LEVEL = "-O";
				VALIDATE_PRODUCT = YES;
			};
			name = Release;
		};
		41DE520729CD5CDB008E8ECB /* Debug */ = {
			isa = XCBuildConfiguration;
			buildSettings = {
				ASSETCATALOG_COMPILER_APPICON_NAME = AppIcon;
				ASSETCATALOG_COMPILER_GLOBAL_ACCENT_COLOR_NAME = AccentColor;
				CODE_SIGN_STYLE = Automatic;
				CURRENT_PROJECT_VERSION = 1;
				DEVELOPMENT_ASSET_PATHS = "\"Food Advisor/Preview Content\"";
				ENABLE_PREVIEWS = YES;
				GENERATE_INFOPLIST_FILE = YES;
				INFOPLIST_KEY_UIApplicationSceneManifest_Generation = YES;
				INFOPLIST_KEY_UIApplicationSupportsIndirectInputEvents = YES;
				INFOPLIST_KEY_UILaunchScreen_Generation = YES;
				INFOPLIST_KEY_UISupportedInterfaceOrientations_iPad = "UIInterfaceOrientationPortrait UIInterfaceOrientationPortraitUpsideDown UIInterfaceOrientationLandscapeLeft UIInterfaceOrientationLandscapeRight";
				INFOPLIST_KEY_UISupportedInterfaceOrientations_iPhone = "UIInterfaceOrientationPortrait UIInterfaceOrientationLandscapeLeft UIInterfaceOrientationLandscapeRight";
				LD_RUNPATH_SEARCH_PATHS = (
					"$(inherited)",
					"@executable_path/Frameworks",
				);
				MARKETING_VERSION = 1.0;
				PRODUCT_BUNDLE_IDENTIFIER = "mohamedSaiko.Food-Advisor";
				PRODUCT_NAME = "$(TARGET_NAME)";
				SWIFT_EMIT_LOC_STRINGS = YES;
				SWIFT_VERSION = 5.0;
				TARGETED_DEVICE_FAMILY = "1,2";
			};
			name = Debug;
		};
		41DE520829CD5CDB008E8ECB /* Release */ = {
			isa = XCBuildConfiguration;
			buildSettings = {
				ASSETCATALOG_COMPILER_APPICON_NAME = AppIcon;
				ASSETCATALOG_COMPILER_GLOBAL_ACCENT_COLOR_NAME = AccentColor;
				CODE_SIGN_STYLE = Automatic;
				CURRENT_PROJECT_VERSION = 1;
				DEVELOPMENT_ASSET_PATHS = "\"Food Advisor/Preview Content\"";
				ENABLE_PREVIEWS = YES;
				GENERATE_INFOPLIST_FILE = YES;
				INFOPLIST_KEY_UIApplicationSceneManifest_Generation = YES;
				INFOPLIST_KEY_UIApplicationSupportsIndirectInputEvents = YES;
				INFOPLIST_KEY_UILaunchScreen_Generation = YES;
				INFOPLIST_KEY_UISupportedInterfaceOrientations_iPad = "UIInterfaceOrientationPortrait UIInterfaceOrientationPortraitUpsideDown UIInterfaceOrientationLandscapeLeft UIInterfaceOrientationLandscapeRight";
				INFOPLIST_KEY_UISupportedInterfaceOrientations_iPhone = "UIInterfaceOrientationPortrait UIInterfaceOrientationLandscapeLeft UIInterfaceOrientationLandscapeRight";
				LD_RUNPATH_SEARCH_PATHS = (
					"$(inherited)",
					"@executable_path/Frameworks",
				);
				MARKETING_VERSION = 1.0;
				PRODUCT_BUNDLE_IDENTIFIER = "mohamedSaiko.Food-Advisor";
				PRODUCT_NAME = "$(TARGET_NAME)";
				SWIFT_EMIT_LOC_STRINGS = YES;
				SWIFT_VERSION = 5.0;
				TARGETED_DEVICE_FAMILY = "1,2";
			};
			name = Release;
		};
/* End XCBuildConfiguration section */

/* Begin XCConfigurationList section */
		41DE51F329CD5CD9008E8ECB /* Build configuration list for PBXProject "Food Advisor" */ = {
			isa = XCConfigurationList;
			buildConfigurations = (
				41DE520429CD5CDB008E8ECB /* Debug */,
				41DE520529CD5CDB008E8ECB /* Release */,
			);
			defaultConfigurationIsVisible = 0;
			defaultConfigurationName = Release;
		};
		41DE520629CD5CDB008E8ECB /* Build configuration list for PBXNativeTarget "Food Advisor" */ = {
			isa = XCConfigurationList;
			buildConfigurations = (
				41DE520729CD5CDB008E8ECB /* Debug */,
				41DE520829CD5CDB008E8ECB /* Release */,
			);
			defaultConfigurationIsVisible = 0;
			defaultConfigurationName = Release;
		};
/* End XCConfigurationList section */
	};
	rootObject = 41DE51F029CD5CD9008E8ECB /* Project object */;
}
